
Microsoft Visual Studio Solution File, Format Version 11.00
# Visual Studio 2010
Project("{FAE04EC0-301F-11D3-BF4B-00C04F79EFBC}") = "Assembly-CSharp-firstpass", "Assembly-CSharp-firstpass.csproj", "{9176624F-8856-6347-90D8-C81F4EAC1930}"
EndProject
Project("{FAE04EC0-301F-11D3-BF4B-00C04F79EFBC}") = "Assembly-CSharp", "Assembly-CSharp.csproj", "{EE54591C-D809-7C79-07CB-48320C691713}"
EndProject
Global
	GlobalSection(SolutionConfigurationPlatforms) = preSolution
		Debug|Any CPU = Debug|Any CPU
		Release|Any CPU = Release|Any CPU
	EndGlobalSection
	GlobalSection(ProjectConfigurationPlatforms) = postSolution
		{9176624F-8856-6347-90D8-C81F4EAC1930}.Debug|Any CPU.ActiveCfg = Debug|Any CPU
		{9176624F-8856-6347-90D8-C81F4EAC1930}.Debug|Any CPU.Build.0 = Debug|Any CPU
		{9176624F-8856-6347-90D8-C81F4EAC1930}.Release|Any CPU.ActiveCfg = Release|Any CPU
		{9176624F-8856-6347-90D8-C81F4EAC1930}.Release|Any CPU.Build.0 = Release|Any CPU
		{EE54591C-D809-7C79-07CB-48320C691713}.Debug|Any CPU.ActiveCfg = Debug|Any CPU
		{EE54591C-D809-7C79-07CB-48320C691713}.Debug|Any CPU.Build.0 = Debug|Any CPU
		{EE54591C-D809-7C79-07CB-48320C691713}.Release|Any CPU.ActiveCfg = Release|Any CPU
		{EE54591C-D809-7C79-07CB-48320C691713}.Release|Any CPU.Build.0 = Release|Any CPU
	EndGlobalSection
	GlobalSection(SolutionProperties) = preSolution
		HideSolutionNode = FALSE
	EndGlobalSection
	GlobalSection(MonoDevelopProperties) = preSolution
		StartupItem = Assembly-CSharp.csproj
	EndGlobalSection
EndGlobal
